{
  "requires": true,
  "lockfileVersion": 1,
  "dependencies": {
    "@types/node": {
      "version": "20.6.3",
      "resolved": "https://registry.npmjs.org/@types/node/-/node-20.6.3.tgz",
      "integrity": "sha512-HksnYH4Ljr4VQgEy2lTStbCKv/P590tmPe5HqOnv9Gprffgv5WXAY+Y5Gqniu0GGqeTCUdBnzC3QSrzPkBkAMA=="
    },
    "epii-tiny-app": {
      "version": "1.0.9",
      "resolved": "https://registry.npmjs.org/epii-tiny-app/-/epii-tiny-app-1.0.9.tgz",
      "integrity": "sha512-pq2f/p7eKpVSxzDqbzZy2L59X8AV6lp9SnQuCXp77fJxMYmrzSEgeYbJZgU1ZULyvlMZn0A2ZqhkIPcCc+tAlQ=="
    }
  }
}
